
Microsoft Visual Studio Solution File, Format Version 12.00
# Visual Studio Version 17
VisualStudioVersion = 17.8.34330.188
MinimumVisualStudioVersion = 10.0.40219.1
Project("{FAE04EC0-301F-11D3-BF4B-00C04F79EFBC}") = "TextEditor", "TextEditor\TextEditor.csproj", "{E7EA529E-9C26-4776-9948-3DEFCBA8AF0A}"
EndProject
Global
	GlobalSection(SolutionConfigurationPlatforms) = preSolution
		Debug|Any CPU = Debug|Any CPU
		Release|Any CPU = Release|Any CPU
	EndGlobalSection
	GlobalSection(ProjectConfigurationPlatforms) = postSolution
		{E7EA529E-9C26-4776-9948-3DEFCBA8AF0A}.Debug|Any CPU.ActiveCfg = Debug|Any CPU
		{E7EA529E-9C26-4776-9948-3DEFCBA8AF0A}.Debug|Any CPU.Build.0 = Debug|Any CPU
		{E7EA529E-9C26-4776-9948-3DEFCBA8AF0A}.Release|Any CPU.ActiveCfg = Release|Any CPU
		{E7EA529E-9C26-4776-9948-3DEFCBA8AF0A}.Release|Any CPU.Build.0 = Release|Any CPU
	EndGlobalSection
	GlobalSection(SolutionProperties) = preSolution
		HideSolutionNode = FALSE
	EndGlobalSection
	GlobalSection(ExtensibilityGlobals) = postSolution
		SolutionGuid = {82012689-40A0-428B-8B04-CB95A43BD5D0}
	EndGlobalSection
EndGlobal
